
Microsoft Visual Studio Solution File, Format Version 12.00
# Visual Studio Version 16
VisualStudioVersion = 16.0.31019.35
MinimumVisualStudioVersion = 10.0.40219.1
Project("{FAE04EC0-301F-11D3-BF4B-00C04F79EFBC}") = "JobTracker", "JobTracker\JobTracker.csproj", "{768168D3-57EF-4C3F-95E1-DF049A7CD943}"
EndProject
Project("{FAE04EC0-301F-11D3-BF4B-00C04F79EFBC}") = "DataAccessLayer", "DataAccessLayer\DataAccessLayer.csproj", "{1542D7A3-0F1F-4ED5-897A-1286AC3B7F23}"
EndProject
Project("{FAE04EC0-301F-11D3-BF4B-00C04F79EFBC}") = "JTToaster", "JTToaster\JTToaster.csproj", "{080D8A83-A910-4E3C-972D-8D58B1296984}"
EndProject
Project("{FAE04EC0-301F-11D3-BF4B-00C04F79EFBC}") = "JTUpdater", "JTUpdater\JTUpdater.csproj", "{BA1A5F3B-9D18-4592-8F79-1A20B83D1D3D}"
EndProject
Project("{FAE04EC0-301F-11D3-BF4B-00C04F79EFBC}") = "Common", "Common\Common.csproj", "{F0BE5C72-FB0C-42BF-831C-A36DAAA31703}"
EndProject
Project("{54435603-DBB4-11D2-8724-00A0C9A8B90C}") = "JT_Setup", "JT_Setup\JT_Setup.vdproj", "{3C0F3DAD-08F0-46DE-8397-BFB11F46FBA6}"
EndProject
Project("{FAE04EC0-301F-11D3-BF4B-00C04F79EFBC}") = "PDFEditor", "PDFEditor\PDFEditor.csproj", "{45B6723E-E3BF-4F16-A333-4A94FE2CEB80}"
EndProject
Project("{F184B08F-C81C-45F6-A57F-5ABD9991F28F}") = "ExpTreeLib", "ExpTreeLibV32_Src\VS2008\ExpTreeLib\ExpTreeLib.vbproj", "{22D53870-1B39-4FA2-92D7-1F4B7D3DF0C8}"
EndProject
Project("{F184B08F-C81C-45F6-A57F-5ABD9991F28F}") = "ExpTree_Demo", "ExpTreeLibV32_Src\VS2008\ExpTree_Demo\ExpTree_Demo.vbproj", "{EA960086-714E-436C-A0B4-C11CEE7D5CAA}"
EndProject
Project("{FAE04EC0-301F-11D3-BF4B-00C04F79EFBC}") = "ExpTree_Demo_CS", "ExpTreeLibV32_Src\VS2008\ExpTree_Demo_CS\ExpTree_Demo_CS.csproj", "{C0C9E1E0-C52B-4373-8A44-C7AD984BD853}"
EndProject
Project("{F184B08F-C81C-45F6-A57F-5ABD9991F28F}") = "ExpTree_Test", "ExpTreeLibV32_Src\VS2008\ExpTree_Test\ExpTree_Test.vbproj", "{3638E785-6939-4EF0-B94D-C212B7AB51F9}"
EndProject
Project("{FAE04EC0-301F-11D3-BF4B-00C04F79EFBC}") = "Commen2", "Commen2\Commen2.csproj", "{C24E06E0-404F-4677-84E5-A9871E5D8A78}"
EndProject
Global
	GlobalSection(SolutionConfigurationPlatforms) = preSolution
		Debug|Any CPU = Debug|Any CPU
		Debug|Test = Debug|Test
		Debug|x64 = Debug|x64
		Debug|x86 = Debug|x86
		Release|Any CPU = Release|Any CPU
		Release|Test = Release|Test
		Release|x64 = Release|x64
		Release|x86 = Release|x86
	EndGlobalSection
	GlobalSection(ProjectConfigurationPlatforms) = postSolution
		{768168D3-57EF-4C3F-95E1-DF049A7CD943}.Debug|Any CPU.ActiveCfg = Debug|Any CPU
		{768168D3-57EF-4C3F-95E1-DF049A7CD943}.Debug|Any CPU.Build.0 = Debug|Any CPU
		{768168D3-57EF-4C3F-95E1-DF049A7CD943}.Debug|Test.ActiveCfg = Debug|Any CPU
		{768168D3-57EF-4C3F-95E1-DF049A7CD943}.Debug|Test.Build.0 = Debug|Any CPU
		{768168D3-57EF-4C3F-95E1-DF049A7CD943}.Debug|x64.ActiveCfg = Debug|Any CPU
		{768168D3-57EF-4C3F-95E1-DF049A7CD943}.Debug|x64.Build.0 = Debug|Any CPU
		{768168D3-57EF-4C3F-95E1-DF049A7CD943}.Debug|x86.ActiveCfg = Debug|x86
		{768168D3-57EF-4C3F-95E1-DF049A7CD943}.Debug|x86.Build.0 = Debug|x86
		{768168D3-57EF-4C3F-95E1-DF049A7CD943}.Release|Any CPU.ActiveCfg = Release|Any CPU
		{768168D3-57EF-4C3F-95E1-DF049A7CD943}.Release|Any CPU.Build.0 = Release|Any CPU
		{768168D3-57EF-4C3F-95E1-DF049A7CD943}.Release|Test.ActiveCfg = Release|Any CPU
		{768168D3-57EF-4C3F-95E1-DF049A7CD943}.Release|Test.Build.0 = Release|Any CPU
		{768168D3-57EF-4C3F-95E1-DF049A7CD943}.Release|x64.ActiveCfg = Release|x64
		{768168D3-57EF-4C3F-95E1-DF049A7CD943}.Release|x64.Build.0 = Release|x64
		{768168D3-57EF-4C3F-95E1-DF049A7CD943}.Release|x86.ActiveCfg = Release|x86
		{768168D3-57EF-4C3F-95E1-DF049A7CD943}.Release|x86.Build.0 = Release|x86
		{1542D7A3-0F1F-4ED5-897A-1286AC3B7F23}.Debug|Any CPU.ActiveCfg = Debug|Any CPU
		{1542D7A3-0F1F-4ED5-897A-1286AC3B7F23}.Debug|Any CPU.Build.0 = Debug|Any CPU
		{1542D7A3-0F1F-4ED5-897A-1286AC3B7F23}.Debug|Test.ActiveCfg = Debug|Any CPU
		{1542D7A3-0F1F-4ED5-897A-1286AC3B7F23}.Debug|Test.Build.0 = Debug|Any CPU
		{1542D7A3-0F1F-4ED5-897A-1286AC3B7F23}.Debug|x64.ActiveCfg = Debug|Any CPU
		{1542D7A3-0F1F-4ED5-897A-1286AC3B7F23}.Debug|x64.Build.0 = Debug|Any CPU
		{1542D7A3-0F1F-4ED5-897A-1286AC3B7F23}.Debug|x86.ActiveCfg = Debug|x86
		{1542D7A3-0F1F-4ED5-897A-1286AC3B7F23}.Debug|x86.Build.0 = Debug|x86
		{1542D7A3-0F1F-4ED5-897A-1286AC3B7F23}.Release|Any CPU.ActiveCfg = Release|Any CPU
		{1542D7A3-0F1F-4ED5-897A-1286AC3B7F23}.Release|Any CPU.Build.0 = Release|Any CPU
		{1542D7A3-0F1F-4ED5-897A-1286AC3B7F23}.Release|Test.ActiveCfg = Release|Any CPU
		{1542D7A3-0F1F-4ED5-897A-1286AC3B7F23}.Release|Test.Build.0 = Release|Any CPU
		{1542D7A3-0F1F-4ED5-897A-1286AC3B7F23}.Release|x64.ActiveCfg = Release|Any CPU
		{1542D7A3-0F1F-4ED5-897A-1286AC3B7F23}.Release|x64.Build.0 = Release|Any CPU
		{1542D7A3-0F1F-4ED5-897A-1286AC3B7F23}.Release|x86.ActiveCfg = Release|x86
		{1542D7A3-0F1F-4ED5-897A-1286AC3B7F23}.Release|x86.Build.0 = Release|x86
		{080D8A83-A910-4E3C-972D-8D58B1296984}.Debug|Any CPU.ActiveCfg = Debug|Any CPU
		{080D8A83-A910-4E3C-972D-8D58B1296984}.Debug|Any CPU.Build.0 = Debug|Any CPU
		{080D8A83-A910-4E3C-972D-8D58B1296984}.Debug|Test.ActiveCfg = Debug|Any CPU
		{080D8A83-A910-4E3C-972D-8D58B1296984}.Debug|Test.Build.0 = Debug|Any CPU
		{080D8A83-A910-4E3C-972D-8D58B1296984}.Debug|x64.ActiveCfg = Debug|Any CPU
		{080D8A83-A910-4E3C-972D-8D58B1296984}.Debug|x64.Build.0 = Debug|Any CPU
		{080D8A83-A910-4E3C-972D-8D58B1296984}.Debug|x86.ActiveCfg = Debug|x86
		{080D8A83-A910-4E3C-972D-8D58B1296984}.Debug|x86.Build.0 = Debug|x86
		{080D8A83-A910-4E3C-972D-8D58B1296984}.Release|Any CPU.ActiveCfg = Release|Any CPU
		{080D8A83-A910-4E3C-972D-8D58B1296984}.Release|Any CPU.Build.0 = Release|Any CPU
		{080D8A83-A910-4E3C-972D-8D58B1296984}.Release|Test.ActiveCfg = Release|Any CPU
		{080D8A83-A910-4E3C-972D-8D58B1296984}.Release|Test.Build.0 = Release|Any CPU
		{080D8A83-A910-4E3C-972D-8D58B1296984}.Release|x64.ActiveCfg = Release|Any CPU
		{080D8A83-A910-4E3C-972D-8D58B1296984}.Release|x64.Build.0 = Release|Any CPU
		{080D8A83-A910-4E3C-972D-8D58B1296984}.Release|x86.ActiveCfg = Release|x86
		{080D8A83-A910-4E3C-972D-8D58B1296984}.Release|x86.Build.0 = Release|x86
		{BA1A5F3B-9D18-4592-8F79-1A20B83D1D3D}.Debug|Any CPU.ActiveCfg = Debug|Any CPU
		{BA1A5F3B-9D18-4592-8F79-1A20B83D1D3D}.Debug|Any CPU.Build.0 = Debug|Any CPU
		{BA1A5F3B-9D18-4592-8F79-1A20B83D1D3D}.Debug|Test.ActiveCfg = Debug|x86
		{BA1A5F3B-9D18-4592-8F79-1A20B83D1D3D}.Debug|Test.Build.0 = Debug|x86
		{BA1A5F3B-9D18-4592-8F79-1A20B83D1D3D}.Debug|x64.ActiveCfg = Debug|Any CPU
		{BA1A5F3B-9D18-4592-8F79-1A20B83D1D3D}.Debug|x64.Build.0 = Debug|Any CPU
		{BA1A5F3B-9D18-4592-8F79-1A20B83D1D3D}.Debug|x86.ActiveCfg = Debug|x86
		{BA1A5F3B-9D18-4592-8F79-1A20B83D1D3D}.Debug|x86.Build.0 = Debug|x86
		{BA1A5F3B-9D18-4592-8F79-1A20B83D1D3D}.Release|Any CPU.ActiveCfg = Debug|Any CPU
		{BA1A5F3B-9D18-4592-8F79-1A20B83D1D3D}.Release|Any CPU.Build.0 = Debug|Any CPU
		{BA1A5F3B-9D18-4592-8F79-1A20B83D1D3D}.Release|Test.ActiveCfg = Release|Any CPU
		{BA1A5F3B-9D18-4592-8F79-1A20B83D1D3D}.Release|Test.Build.0 = Release|Any CPU
		{BA1A5F3B-9D18-4592-8F79-1A20B83D1D3D}.Release|x64.ActiveCfg = Release|Any CPU
		{BA1A5F3B-9D18-4592-8F79-1A20B83D1D3D}.Release|x64.Build.0 = Release|Any CPU
		{BA1A5F3B-9D18-4592-8F79-1A20B83D1D3D}.Release|x86.ActiveCfg = Release|x86
		{BA1A5F3B-9D18-4592-8F79-1A20B83D1D3D}.Release|x86.Build.0 = Release|x86
		{F0BE5C72-FB0C-42BF-831C-A36DAAA31703}.Debug|Any CPU.ActiveCfg = Debug|Any CPU
		{F0BE5C72-FB0C-42BF-831C-A36DAAA31703}.Debug|Any CPU.Build.0 = Debug|Any CPU
		{F0BE5C72-FB0C-42BF-831C-A36DAAA31703}.Debug|Test.ActiveCfg = Debug|Any CPU
		{F0BE5C72-FB0C-42BF-831C-A36DAAA31703}.Debug|Test.Build.0 = Debug|Any CPU
		{F0BE5C72-FB0C-42BF-831C-A36DAAA31703}.Debug|x64.ActiveCfg = Debug|Any CPU
		{F0BE5C72-FB0C-42BF-831C-A36DAAA31703}.Debug|x64.Build.0 = Debug|Any CPU
		{F0BE5C72-FB0C-42BF-831C-A36DAAA31703}.Debug|x86.ActiveCfg = Debug|x86
		{F0BE5C72-FB0C-42BF-831C-A36DAAA31703}.Debug|x86.Build.0 = Debug|x86
		{F0BE5C72-FB0C-42BF-831C-A36DAAA31703}.Release|Any CPU.ActiveCfg = Release|Any CPU
		{F0BE5C72-FB0C-42BF-831C-A36DAAA31703}.Release|Any CPU.Build.0 = Release|Any CPU
		{F0BE5C72-FB0C-42BF-831C-A36DAAA31703}.Release|Test.ActiveCfg = Release|Any CPU
		{F0BE5C72-FB0C-42BF-831C-A36DAAA31703}.Release|Test.Build.0 = Release|Any CPU
		{F0BE5C72-FB0C-42BF-831C-A36DAAA31703}.Release|x64.ActiveCfg = Release|Any CPU
		{F0BE5C72-FB0C-42BF-831C-A36DAAA31703}.Release|x64.Build.0 = Release|Any CPU
		{F0BE5C72-FB0C-42BF-831C-A36DAAA31703}.Release|x86.ActiveCfg = Release|x86
		{F0BE5C72-FB0C-42BF-831C-A36DAAA31703}.Release|x86.Build.0 = Release|x86
		{3C0F3DAD-08F0-46DE-8397-BFB11F46FBA6}.Debug|Any CPU.ActiveCfg = Debug
		{3C0F3DAD-08F0-46DE-8397-BFB11F46FBA6}.Debug|Any CPU.Build.0 = Debug
		{3C0F3DAD-08F0-46DE-8397-BFB11F46FBA6}.Debug|Test.ActiveCfg = Debug
		{3C0F3DAD-08F0-46DE-8397-BFB11F46FBA6}.Debug|Test.Build.0 = Debug
		{3C0F3DAD-08F0-46DE-8397-BFB11F46FBA6}.Debug|x64.ActiveCfg = Debug
		{3C0F3DAD-08F0-46DE-8397-BFB11F46FBA6}.Debug|x64.Build.0 = Debug
		{3C0F3DAD-08F0-46DE-8397-BFB11F46FBA6}.Debug|x86.ActiveCfg = Debug
		{3C0F3DAD-08F0-46DE-8397-BFB11F46FBA6}.Debug|x86.Build.0 = Debug
		{3C0F3DAD-08F0-46DE-8397-BFB11F46FBA6}.Release|Any CPU.ActiveCfg = Release
		{3C0F3DAD-08F0-46DE-8397-BFB11F46FBA6}.Release|Any CPU.Build.0 = Release
		{3C0F3DAD-08F0-46DE-8397-BFB11F46FBA6}.Release|Test.ActiveCfg = Release
		{3C0F3DAD-08F0-46DE-8397-BFB11F46FBA6}.Release|Test.Build.0 = Release
		{3C0F3DAD-08F0-46DE-8397-BFB11F46FBA6}.Release|x64.ActiveCfg = Release
		{3C0F3DAD-08F0-46DE-8397-BFB11F46FBA6}.Release|x64.Build.0 = Release
		{3C0F3DAD-08F0-46DE-8397-BFB11F46FBA6}.Release|x86.ActiveCfg = Release
		{3C0F3DAD-08F0-46DE-8397-BFB11F46FBA6}.Release|x86.Build.0 = Release
		{45B6723E-E3BF-4F16-A333-4A94FE2CEB80}.Debug|Any CPU.ActiveCfg = Debug|Any CPU
		{45B6723E-E3BF-4F16-A333-4A94FE2CEB80}.Debug|Any CPU.Build.0 = Debug|Any CPU
		{45B6723E-E3BF-4F16-A333-4A94FE2CEB80}.Debug|Test.ActiveCfg = Debug|Any CPU
		{45B6723E-E3BF-4F16-A333-4A94FE2CEB80}.Debug|Test.Build.0 = Debug|Any CPU
		{45B6723E-E3BF-4F16-A333-4A94FE2CEB80}.Debug|x64.ActiveCfg = Debug|Any CPU
		{45B6723E-E3BF-4F16-A333-4A94FE2CEB80}.Debug|x64.Build.0 = Debug|Any CPU
		{45B6723E-E3BF-4F16-A333-4A94FE2CEB80}.Debug|x86.ActiveCfg = Debug|x86
		{45B6723E-E3BF-4F16-A333-4A94FE2CEB80}.Debug|x86.Build.0 = Debug|x86
		{45B6723E-E3BF-4F16-A333-4A94FE2CEB80}.Release|Any CPU.ActiveCfg = Release|Any CPU
		{45B6723E-E3BF-4F16-A333-4A94FE2CEB80}.Release|Any CPU.Build.0 = Release|Any CPU
		{45B6723E-E3BF-4F16-A333-4A94FE2CEB80}.Release|Test.ActiveCfg = Release|Any CPU
		{45B6723E-E3BF-4F16-A333-4A94FE2CEB80}.Release|Test.Build.0 = Release|Any CPU
		{45B6723E-E3BF-4F16-A333-4A94FE2CEB80}.Release|x64.ActiveCfg = Release|Any CPU
		{45B6723E-E3BF-4F16-A333-4A94FE2CEB80}.Release|x64.Build.0 = Release|Any CPU
		{45B6723E-E3BF-4F16-A333-4A94FE2CEB80}.Release|x86.ActiveCfg = Release|x86
		{45B6723E-E3BF-4F16-A333-4A94FE2CEB80}.Release|x86.Build.0 = Release|x86
		{22D53870-1B39-4FA2-92D7-1F4B7D3DF0C8}.Debug|Any CPU.ActiveCfg = Debug|Any CPU
		{22D53870-1B39-4FA2-92D7-1F4B7D3DF0C8}.Debug|Any CPU.Build.0 = Debug|Any CPU
		{22D53870-1B39-4FA2-92D7-1F4B7D3DF0C8}.Debug|Test.ActiveCfg = Debug|Any CPU
		{22D53870-1B39-4FA2-92D7-1F4B7D3DF0C8}.Debug|Test.Build.0 = Debug|Any CPU
		{22D53870-1B39-4FA2-92D7-1F4B7D3DF0C8}.Debug|x64.ActiveCfg = Debug|Any CPU
		{22D53870-1B39-4FA2-92D7-1F4B7D3DF0C8}.Debug|x64.Build.0 = Debug|Any CPU
		{22D53870-1B39-4FA2-92D7-1F4B7D3DF0C8}.Debug|x86.ActiveCfg = Debug|x86
		{22D53870-1B39-4FA2-92D7-1F4B7D3DF0C8}.Debug|x86.Build.0 = Debug|x86
		{22D53870-1B39-4FA2-92D7-1F4B7D3DF0C8}.Release|Any CPU.ActiveCfg = Release|Any CPU
		{22D53870-1B39-4FA2-92D7-1F4B7D3DF0C8}.Release|Any CPU.Build.0 = Release|Any CPU
		{22D53870-1B39-4FA2-92D7-1F4B7D3DF0C8}.Release|Test.ActiveCfg = Release|x86
		{22D53870-1B39-4FA2-92D7-1F4B7D3DF0C8}.Release|Test.Build.0 = Release|x86
		{22D53870-1B39-4FA2-92D7-1F4B7D3DF0C8}.Release|x64.ActiveCfg = Release|Any CPU
		{22D53870-1B39-4FA2-92D7-1F4B7D3DF0C8}.Release|x64.Build.0 = Release|Any CPU
		{22D53870-1B39-4FA2-92D7-1F4B7D3DF0C8}.Release|x86.ActiveCfg = Release|x86
		{22D53870-1B39-4FA2-92D7-1F4B7D3DF0C8}.Release|x86.Build.0 = Release|x86
		{EA960086-714E-436C-A0B4-C11CEE7D5CAA}.Debug|Any CPU.ActiveCfg = Debug|Any CPU
		{EA960086-714E-436C-A0B4-C11CEE7D5CAA}.Debug|Any CPU.Build.0 = Debug|Any CPU
		{EA960086-714E-436C-A0B4-C11CEE7D5CAA}.Debug|Test.ActiveCfg = Debug|Any CPU
		{EA960086-714E-436C-A0B4-C11CEE7D5CAA}.Debug|Test.Build.0 = Debug|Any CPU
		{EA960086-714E-436C-A0B4-C11CEE7D5CAA}.Debug|x64.ActiveCfg = Debug|Any CPU
		{EA960086-714E-436C-A0B4-C11CEE7D5CAA}.Debug|x64.Build.0 = Debug|Any CPU
		{EA960086-714E-436C-A0B4-C11CEE7D5CAA}.Debug|x86.ActiveCfg = Debug|x86
		{EA960086-714E-436C-A0B4-C11CEE7D5CAA}.Debug|x86.Build.0 = Debug|x86
		{EA960086-714E-436C-A0B4-C11CEE7D5CAA}.Release|Any CPU.ActiveCfg = Release|Any CPU
		{EA960086-714E-436C-A0B4-C11CEE7D5CAA}.Release|Any CPU.Build.0 = Release|Any CPU
		{EA960086-714E-436C-A0B4-C11CEE7D5CAA}.Release|Test.ActiveCfg = Release|x86
		{EA960086-714E-436C-A0B4-C11CEE7D5CAA}.Release|Test.Build.0 = Release|x86
		{EA960086-714E-436C-A0B4-C11CEE7D5CAA}.Release|x64.ActiveCfg = Release|Any CPU
		{EA960086-714E-436C-A0B4-C11CEE7D5CAA}.Release|x64.Build.0 = Release|Any CPU
		{EA960086-714E-436C-A0B4-C11CEE7D5CAA}.Release|x86.ActiveCfg = Release|x86
		{EA960086-714E-436C-A0B4-C11CEE7D5CAA}.Release|x86.Build.0 = Release|x86
		{C0C9E1E0-C52B-4373-8A44-C7AD984BD853}.Debug|Any CPU.ActiveCfg = Debug|Any CPU
		{C0C9E1E0-C52B-4373-8A44-C7AD984BD853}.Debug|Any CPU.Build.0 = Debug|Any CPU
		{C0C9E1E0-C52B-4373-8A44-C7AD984BD853}.Debug|Test.ActiveCfg = Debug|Any CPU
		{C0C9E1E0-C52B-4373-8A44-C7AD984BD853}.Debug|x64.ActiveCfg = Debug|Any CPU
		{C0C9E1E0-C52B-4373-8A44-C7AD984BD853}.Debug|x64.Build.0 = Debug|Any CPU
		{C0C9E1E0-C52B-4373-8A44-C7AD984BD853}.Debug|x86.ActiveCfg = Debug|x86
		{C0C9E1E0-C52B-4373-8A44-C7AD984BD853}.Debug|x86.Build.0 = Debug|x86
		{C0C9E1E0-C52B-4373-8A44-C7AD984BD853}.Release|Any CPU.ActiveCfg = Release|Any CPU
		{C0C9E1E0-C52B-4373-8A44-C7AD984BD853}.Release|Any CPU.Build.0 = Release|Any CPU
		{C0C9E1E0-C52B-4373-8A44-C7AD984BD853}.Release|Test.ActiveCfg = Release|Any CPU
		{C0C9E1E0-C52B-4373-8A44-C7AD984BD853}.Release|x64.ActiveCfg = Release|Any CPU
		{C0C9E1E0-C52B-4373-8A44-C7AD984BD853}.Release|x64.Build.0 = Release|Any CPU
		{C0C9E1E0-C52B-4373-8A44-C7AD984BD853}.Release|x86.ActiveCfg = Release|x86
		{C0C9E1E0-C52B-4373-8A44-C7AD984BD853}.Release|x86.Build.0 = Release|x86
		{3638E785-6939-4EF0-B94D-C212B7AB51F9}.Debug|Any CPU.ActiveCfg = Debug|Any CPU
		{3638E785-6939-4EF0-B94D-C212B7AB51F9}.Debug|Any CPU.Build.0 = Debug|Any CPU
		{3638E785-6939-4EF0-B94D-C212B7AB51F9}.Debug|Test.ActiveCfg = Debug|Any CPU
		{3638E785-6939-4EF0-B94D-C212B7AB51F9}.Debug|x64.ActiveCfg = Debug|Any CPU
		{3638E785-6939-4EF0-B94D-C212B7AB51F9}.Debug|x64.Build.0 = Debug|Any CPU
		{3638E785-6939-4EF0-B94D-C212B7AB51F9}.Debug|x86.ActiveCfg = Debug|x86
		{3638E785-6939-4EF0-B94D-C212B7AB51F9}.Debug|x86.Build.0 = Debug|x86
		{3638E785-6939-4EF0-B94D-C212B7AB51F9}.Release|Any CPU.ActiveCfg = Release|Any CPU
		{3638E785-6939-4EF0-B94D-C212B7AB51F9}.Release|Any CPU.Build.0 = Release|Any CPU
		{3638E785-6939-4EF0-B94D-C212B7AB51F9}.Release|Test.ActiveCfg = Release|Any CPU
		{3638E785-6939-4EF0-B94D-C212B7AB51F9}.Release|x64.ActiveCfg = Release|Any CPU
		{3638E785-6939-4EF0-B94D-C212B7AB51F9}.Release|x64.Build.0 = Release|Any CPU
		{3638E785-6939-4EF0-B94D-C212B7AB51F9}.Release|x86.ActiveCfg = Release|x86
		{3638E785-6939-4EF0-B94D-C212B7AB51F9}.Release|x86.Build.0 = Release|x86
		{C24E06E0-404F-4677-84E5-A9871E5D8A78}.Debug|Any CPU.ActiveCfg = Debug|Any CPU
		{C24E06E0-404F-4677-84E5-A9871E5D8A78}.Debug|Any CPU.Build.0 = Debug|Any CPU
		{C24E06E0-404F-4677-84E5-A9871E5D8A78}.Debug|Test.ActiveCfg = Debug|Any CPU
		{C24E06E0-404F-4677-84E5-A9871E5D8A78}.Debug|Test.Build.0 = Debug|Any CPU
		{C24E06E0-404F-4677-84E5-A9871E5D8A78}.Debug|x64.ActiveCfg = Debug|Any CPU
		{C24E06E0-404F-4677-84E5-A9871E5D8A78}.Debug|x64.Build.0 = Debug|Any CPU
		{C24E06E0-404F-4677-84E5-A9871E5D8A78}.Debug|x86.ActiveCfg = Debug|x86
		{C24E06E0-404F-4677-84E5-A9871E5D8A78}.Debug|x86.Build.0 = Debug|x86
		{C24E06E0-404F-4677-84E5-A9871E5D8A78}.Release|Any CPU.ActiveCfg = Release|Any CPU
		{C24E06E0-404F-4677-84E5-A9871E5D8A78}.Release|Any CPU.Build.0 = Release|Any CPU
		{C24E06E0-404F-4677-84E5-A9871E5D8A78}.Release|Test.ActiveCfg = Release|Any CPU
		{C24E06E0-404F-4677-84E5-A9871E5D8A78}.Release|Test.Build.0 = Release|Any CPU
		{C24E06E0-404F-4677-84E5-A9871E5D8A78}.Release|x64.ActiveCfg = Release|Any CPU
		{C24E06E0-404F-4677-84E5-A9871E5D8A78}.Release|x64.Build.0 = Release|Any CPU
		{C24E06E0-404F-4677-84E5-A9871E5D8A78}.Release|x86.ActiveCfg = Release|x86
		{C24E06E0-404F-4677-84E5-A9871E5D8A78}.Release|x86.Build.0 = Release|x86
	EndGlobalSection
	GlobalSection(SolutionProperties) = preSolution
		HideSolutionNode = FALSE
	EndGlobalSection
	GlobalSection(ExtensibilityGlobals) = postSolution
		SolutionGuid = {3A9FBD94-8CA5-48FE-BFF5-0F9C43822288}
	EndGlobalSection
EndGlobal
